{
  "version": 4,
  "terraform_version": "1.9.2",
  "serial": 182,
  "lineage": "996ccaaf-88a2-d04c-48ef-d5bceaf69d90",
  "outputs": {
    "connection_string_pub": {
      "value": "mongodb+srv://gcp-ms-soffredi.ujcwolf.mongodb.net",
      "type": "string"
    },
    "function_uri": {
      "value": "https://users-api-marcelo-vtt5fcfnga-ue.a.run.app",
      "type": "string"
    }
  },
  "resources": [
    {
      "mode": "data",
      "type": "archive_file",
      "name": "source",
      "provider": "provider[\"registry.terraform.io/hashicorp/archive\"]",
      "instances": [
        {
          "schema_version": 0,
          "attributes": {
            "exclude_symlink_directories": null,
            "excludes": null,
            "id": "f9606ff9cb1cf726a98c4daac00371b2f5e7f973",
            "output_base64sha256": "eJWEPe9NJjki3yddE1aE2/sLpE8WsFdvb1gaFzKKqMc=",
            "output_base64sha512": "lfhXm/0IQR96d/dXp1r3EImzGPRVc4qofFwk6qcZ2iyco6o07iA+0dQpswd/XTKd2wK8kIv1rX4hnk3s7ZzYXQ==",
            "output_file_mode": null,
            "output_md5": "8f9701872d9eecfce31a874e97b6b933",
            "output_path": "./tmp/function.zip",
            "output_sha": "f9606ff9cb1cf726a98c4daac00371b2f5e7f973",
            "output_sha256": "7895843def4d263922df275d135684dbfb0ba44f16b0576f6f581a17328aa8c7",
            "output_sha512": "95f8579bfd08411f7a77f757a75af71089b318f455738aa87c5c24eaa719da2c9ca3aa34ee203ed1d429b3077f5d329ddb02bc908bf5ad7e219e4deced9cd85d",
            "output_size": 28904,
            "source": [],
            "source_content": null,
            "source_content_filename": null,
            "source_dir": "./../dist",
            "source_file": null,
            "type": "zip"
          },
          "sensitive_attributes": []
        }
      ]
    },
    {
      "mode": "managed",
      "type": "google_api_gateway_api",
      "name": "users_api_gw",
      "provider": "provider[\"registry.terraform.io/hashicorp/google-beta\"]",
      "instances": [
        {
          "schema_version": 0,
          "attributes": {
            "api_id": "users-api-marcelo",
            "create_time": "2024-07-21T19:00:14.344865908Z",
            "display_name": "Users API marcelo",
            "effective_labels": {},
            "id": "projects/sample-ms-soffredi/locations/global/apis/users-api-marcelo",
            "labels": {},
            "managed_service": "users-api-marcelo-2shmcvsjtl5xt.apigateway.sample-ms-soffredi.cloud.goog",
            "name": "projects/sample-ms-soffredi/locations/global/apis/users-api-marcelo",
            "project": "sample-ms-soffredi",
            "terraform_labels": {},
            "timeouts": null
          },
          "sensitive_attributes": [],
          "private": "eyJlMmJmYjczMC1lY2FhLTExZTYtOGY4OC0zNDM2M2JjN2M0YzAiOnsiY3JlYXRlIjoxMjAwMDAwMDAwMDAwLCJkZWxldGUiOjEyMDAwMDAwMDAwMDAsInVwZGF0ZSI6MTIwMDAwMDAwMDAwMH19",
          "create_before_destroy": true
        }
      ]
    },
    {
      "mode": "managed",
      "type": "google_api_gateway_api_config",
      "name": "users_api_cfg",
      "provider": "provider[\"registry.terraform.io/hashicorp/google-beta\"]",
      "instances": [
        {
          "schema_version": 0,
          "attributes": {
            "api": "users-api-marcelo",
            "api_config_id": "terraform-20240726213608811900000001",
            "api_config_id_prefix": null,
            "display_name": "Users API config marcelo",
            "effective_labels": {},
            "gateway_config": [],
            "grpc_services": [],
            "id": "projects/sample-ms-soffredi/locations/global/apis/users-api-marcelo/configs/terraform-20240726213608811900000001",
            "labels": {},
            "managed_service_configs": [],
            "name": "projects/234970772427/locations/global/apis/users-api-marcelo/configs/terraform-20240726213608811900000001",
            "openapi_documents": [
              {
                "document": [
                  {
                    "contents": "c3dhZ2dlcjogJzIuMCcKaW5mbzoKICAgIHRpdGxlOiBVc2VycyBBUEkKICAgIGRlc2NyaXB0aW9uOiBTZXJ2ZXJsZXNzIHVzZXJzIFJlc3QgQVBJCiAgICB2ZXJzaW9uOiAnMC4xJwpzY2hlbWVzOgogICAgLSBodHRwcwpwcm9kdWNlczoKICAgIC0gYXBwbGljYXRpb24vanNvbgpwYXRoczoKICAgIC9oZWFsdGhjaGVjazoKICAgICAgICBnZXQ6CiAgICAgICAgICAgIG9wZXJhdGlvbklkOiBoZWFsdGhjaGVjawogICAgICAgICAgICBzdW1tYXJ5OiBIZWFsdGhjaGVjayBlbmRwb2ludAogICAgICAgICAgICB4LWdvb2dsZS1iYWNrZW5kOgogICAgICAgICAgICAgICAgYWRkcmVzczogaHR0cHM6Ly91cy1lYXN0MS1zYW1wbGUtbXMtc29mZnJlZGkuY2xvdWRmdW5jdGlvbnMubmV0L3VzZXJzLWFwaS1tYXJjZWxvCiAgICAgICAgICAgIHJlc3BvbnNlczoKICAgICAgICAgICAgICAgIDIwMDoKICAgICAgICAgICAgICAgICAgICBkZXNjcmlwdGlvbjogSGVhbHRoY2hlY2sgc3VjY2VzcyByZXNwb25zZQoKICAgIC91c2VyczoKICAgICAgICBwb3N0OgogICAgICAgICAgICBvcGVyYXRpb25JZDogcG9zdC11c2VyCiAgICAgICAgICAgIHN1bW1hcnk6IFBPU1QgdXNlciBlbmRwb2ludAogICAgICAgICAgICB4LWdvb2dsZS1iYWNrZW5kOgogICAgICAgICAgICAgICAgYWRkcmVzczogaHR0cHM6Ly91cy1lYXN0MS1zYW1wbGUtbXMtc29mZnJlZGkuY2xvdWRmdW5jdGlvbnMubmV0L3VzZXJzLWFwaS1tYXJjZWxvCiAgICAgICAgICAgICAgICBkZWFkbGluZTogNjAuMAogICAgICAgICAgICBwYXJhbWV0ZXJzOgogICAgICAgICAgICAgICAgLSBuYW1lOiB1c2VyCiAgICAgICAgICAgICAgICAgIGluOiBib2R5CiAgICAgICAgICAgICAgICAgIGRlc2NyaXB0aW9uOiBVc2VyIHRvIGNyZWF0ZQogICAgICAgICAgICAgICAgICBzY2hlbWE6CiAgICAgICAgICAgICAgICAgICAgICB0eXBlOiBvYmplY3QKICAgICAgICAgICAgICAgICAgICAgIHJlcXVpcmVkOgogICAgICAgICAgICAgICAgICAgICAgICAgIC0gbmFtZQogICAgICAgICAgICAgICAgICAgICAgICAgIC0gZW1haWwKICAgICAgICAgICAgICAgICAgICAgIHByb3BlcnRpZXM6CiAgICAgICAgICAgICAgICAgICAgICAgICAgbmFtZToKICAgICAgICAgICAgICAgICAgICAgICAgICAgICAgdHlwZTogc3RyaW5nCiAgICAgICAgICAgICAgICAgICAgICAgICAgZW1haWw6CiAgICAgICAgICAgICAgICAgICAgICAgICAgICAgIHR5cGU6IHN0cmluZwoKICAgICAgICAgICAgcmVzcG9uc2VzOgogICAgICAgICAgICAgICAgMjAwOgogICAgICAgICAgICAgICAgICAgIGRlc2NyaXB0aW9uOiBQT1NUIHVzZXIgc3VjY2VzcwogICAgICAgICAgICAgICAgNDAwOgogICAgICAgICAgICAgICAgICAgIGRlc2NyaXB0aW9uOiBFcnJvcgogICAgICAgICAgICAgICAgICAgIHNjaGVtYToKICAgICAgICAgICAgICAgICAgICAgICAgdHlwZTogb2JqZWN0CiAgICAvdXNlcnMve3VzZXJJZH06CiAgICAgICAgZ2V0OgogICAgICAgICAgICBvcGVyYXRpb25JZDogZ2V0LXVzZXIKICAgICAgICAgICAgc3VtbWFyeTogR0VUIHVzZXIgZW5kcG9pbnQKICAgICAgICAgICAgeC1nb29nbGUtYmFja2VuZDoKICAgICAgICAgICAgICAgIGFkZHJlc3M6IGh0dHBzOi8vdXMtZWFzdDEtc2FtcGxlLW1zLXNvZmZyZWRpLmNsb3VkZnVuY3Rpb25zLm5ldC91c2Vycy1hcGktbWFyY2VsbwogICAgICAgICAgICAgICAgZGVhZGxpbmU6IDYwLjAKICAgICAgICAgICAgcGFyYW1ldGVyczoKICAgICAgICAgICAgICAgIC0gbmFtZTogdXNlcklkCiAgICAgICAgICAgICAgICAgIGluOiBwYXRoCiAgICAgICAgICAgICAgICAgIHJlcXVpcmVkOiB0cnVlCiAgICAgICAgICAgICAgICAgIHR5cGU6IHN0cmluZwogICAgICAgICAgICByZXNwb25zZXM6CiAgICAgICAgICAgICAgICAyMDA6CiAgICAgICAgICAgICAgICAgICAgZGVzY3JpcHRpb246IEdFVCB1c2VyIHN1Y2Nlc3MKICAgICAgICAgICAgICAgIDQwMDoKICAgICAgICAgICAgICAgICAgICBkZXNjcmlwdGlvbjogRXJyb3IKICAgICAgICAgICAgICAgICAgICBzY2hlbWE6CiAgICAgICAgICAgICAgICAgICAgICAgIHR5cGU6IG9iamVjdAogICAgICAgIHB1dDoKICAgICAgICAgICAgb3BlcmF0aW9uSWQ6IHB1dC11c2VyCiAgICAgICAgICAgIHN1bW1hcnk6IFBVVCB1c2VyIGVuZHBvaW50CiAgICAgICAgICAgIHgtZ29vZ2xlLWJhY2tlbmQ6CiAgICAgICAgICAgICAgICBhZGRyZXNzOiBodHRwczovL3VzLWVhc3QxLXNhbXBsZS1tcy1zb2ZmcmVkaS5jbG91ZGZ1bmN0aW9ucy5uZXQvdXNlcnMtYXBpLW1hcmNlbG8KICAgICAgICAgICAgICAgIGRlYWRsaW5lOiA2MC4wCiAgICAgICAgICAgIHBhcmFtZXRlcnM6CiAgICAgICAgICAgICAgICAtIG5hbWU6IHVzZXJJZAogICAgICAgICAgICAgICAgICBpbjogcGF0aAogICAgICAgICAgICAgICAgICByZXF1aXJlZDogdHJ1ZQogICAgICAgICAgICAgICAgICB0eXBlOiBzdHJpbmcKICAgICAgICAgICAgICAgIC0gbmFtZTogdXNlcgogICAgICAgICAgICAgICAgICBpbjogYm9keQogICAgICAgICAgICAgICAgICBkZXNjcmlwdGlvbjogVXNlciB0byB1cGRhdGUKICAgICAgICAgICAgICAgICAgc2NoZW1hOgogICAgICAgICAgICAgICAgICAgICAgdHlwZTogb2JqZWN0CiAgICAgICAgICAgICAgICAgICAgICBwcm9wZXJ0aWVzOgogICAgICAgICAgICAgICAgICAgICAgICAgIG5hbWU6CiAgICAgICAgICAgICAgICAgICAgICAgICAgICAgIHR5cGU6IHN0cmluZwogICAgICAgICAgICAgICAgICAgICAgICAgIGVtYWlsOgogICAgICAgICAgICAgICAgICAgICAgICAgICAgICB0eXBlOiBzdHJpbmcKICAgICAgICAgICAgcmVzcG9uc2VzOgogICAgICAgICAgICAgICAgMjAwOgogICAgICAgICAgICAgICAgICAgIGRlc2NyaXB0aW9uOiBQVVQgdXNlciBzdWNjZXNzCiAgICAgICAgICAgICAgICA0MDA6CiAgICAgICAgICAgICAgICAgICAgZGVzY3JpcHRpb246IEVycm9yCiAgICAgICAgICAgICAgICAgICAgc2NoZW1hOgogICAgICAgICAgICAgICAgICAgICAgICB0eXBlOiBvYmplY3QKICAgICAgICBkZWxldGU6CiAgICAgICAgICAgIG9wZXJhdGlvbklkOiBkZWxldGUtdXNlcgogICAgICAgICAgICBzdW1tYXJ5OiBERUxFVEUgdXNlciBlbmRwb2ludAogICAgICAgICAgICB4LWdvb2dsZS1iYWNrZW5kOgogICAgICAgICAgICAgICAgYWRkcmVzczogaHR0cHM6Ly91cy1lYXN0MS1zYW1wbGUtbXMtc29mZnJlZGkuY2xvdWRmdW5jdGlvbnMubmV0L3VzZXJzLWFwaS1tYXJjZWxvCiAgICAgICAgICAgICAgICBkZWFkbGluZTogNjAuMAogICAgICAgICAgICBwYXJhbWV0ZXJzOgogICAgICAgICAgICAgICAgLSBuYW1lOiB1c2VySWQKICAgICAgICAgICAgICAgICAgaW46IHBhdGgKICAgICAgICAgICAgICAgICAgcmVxdWlyZWQ6IHRydWUKICAgICAgICAgICAgICAgICAgdHlwZTogc3RyaW5nCiAgICAgICAgICAgIHJlc3BvbnNlczoKICAgICAgICAgICAgICAgIDIwMDoKICAgICAgICAgICAgICAgICAgICBkZXNjcmlwdGlvbjogREVMRVRFIHVzZXIgc3VjY2VzcwogICAgICAgICAgICAgICAgNDAwOgogICAgICAgICAgICAgICAgICAgIGRlc2NyaXB0aW9uOiBFcnJvcgogICAgICAgICAgICAgICAgICAgIHNjaGVtYToKICAgICAgICAgICAgICAgICAgICAgICAgdHlwZTogb2JqZWN0Cg==",
                    "path": "./../openapi2.yaml"
                  }
                ]
              }
            ],
            "project": "sample-ms-soffredi",
            "service_config_id": "terraform-20240726213608811900000001-24o7txcf38khx",
            "terraform_labels": {},
            "timeouts": null
          },
          "sensitive_attributes": [],
          "private": "eyJlMmJmYjczMC1lY2FhLTExZTYtOGY4OC0zNDM2M2JjN2M0YzAiOnsiY3JlYXRlIjoxMjAwMDAwMDAwMDAwLCJkZWxldGUiOjEyMDAwMDAwMDAwMDAsInVwZGF0ZSI6MTIwMDAwMDAwMDAwMH19",
          "dependencies": [
            "google_api_gateway_api.users_api_gw"
          ],
          "create_before_destroy": true
        }
      ]
    },
    {
      "mode": "managed",
      "type": "google_api_gateway_gateway",
      "name": "users_api_gw_gw",
      "provider": "provider[\"registry.terraform.io/hashicorp/google-beta\"]",
      "instances": [
        {
          "schema_version": 0,
          "attributes": {
            "api_config": "projects/234970772427/locations/global/apis/users-api-marcelo/configs/terraform-20240726213608811900000001",
            "default_hostname": "users-api-gw-marcelo-2zxzj4cr.ue.gateway.dev",
            "display_name": "Users API gateway marcelo",
            "effective_labels": {},
            "gateway_id": "users-api-gw-marcelo",
            "id": "projects/sample-ms-soffredi/locations/us-east1/gateways/users-api-gw-marcelo",
            "labels": {},
            "name": "projects/sample-ms-soffredi/locations/us-east1/gateways/users-api-gw-marcelo",
            "project": "sample-ms-soffredi",
            "region": null,
            "terraform_labels": {},
            "timeouts": null
          },
          "sensitive_attributes": [],
          "private": "eyJlMmJmYjczMC1lY2FhLTExZTYtOGY4OC0zNDM2M2JjN2M0YzAiOnsiY3JlYXRlIjoxMjAwMDAwMDAwMDAwLCJkZWxldGUiOjEyMDAwMDAwMDAwMDAsInVwZGF0ZSI6MTIwMDAwMDAwMDAwMH19",
          "dependencies": [
            "google_api_gateway_api.users_api_gw",
            "google_api_gateway_api_config.users_api_cfg"
          ]
        }
      ]
    },
    {
      "mode": "managed",
      "type": "google_cloudfunctions2_function",
      "name": "users_api_fn",
      "provider": "provider[\"registry.terraform.io/hashicorp/google\"]",
      "instances": [
        {
          "schema_version": 0,
          "attributes": {
            "build_config": [
              {
                "automatic_update_policy": [],
                "build": "projects/234970772427/locations/us-east1/builds/1fe25d89-5f43-4484-9815-ac15e01c5571",
                "docker_repository": "projects/sample-ms-soffredi/locations/us-east1/repositories/gcf-artifacts",
                "entry_point": "handler",
                "environment_variables": {},
                "on_deploy_update_policy": [],
                "runtime": "nodejs18",
                "service_account": "projects/sample-ms-soffredi/serviceAccounts/234970772427-compute@developer.gserviceaccount.com",
                "source": [
                  {
                    "repo_source": [],
                    "storage_source": [
                      {
                        "bucket": "sample-ms-soffredi-deployment",
                        "generation": 1722032592974467,
                        "object": "src-8f9701872d9eecfce31a874e97b6b933.zip"
                      }
                    ]
                  }
                ],
                "worker_pool": ""
              }
            ],
            "description": "Users serverless microservice API",
            "effective_labels": {},
            "environment": "GEN_2",
            "event_trigger": [],
            "id": "projects/sample-ms-soffredi/locations/us-east1/functions/users-api-marcelo",
            "kms_key_name": "",
            "labels": {},
            "location": "us-east1",
            "name": "users-api-marcelo",
            "project": "sample-ms-soffredi",
            "service_config": [
              {
                "all_traffic_on_latest_revision": true,
                "available_cpu": "0.0833",
                "available_memory": "128Mi",
                "environment_variables": {
                  "DB_HOST": "mongodb+srv://gcp-ms-soffredi.ujcwolf.mongodb.net",
                  "DB_NAME": "gcp-ms-soffredi-db-marcelo",
                  "DB_PASSWORD": "QIwffWRu7hd6d6ja",
                  "DB_USER": "gcp-ms-soffredi-user",
                  "LOG_EXECUTION_ID": "true"
                },
                "gcf_uri": "",
                "ingress_settings": "ALLOW_ALL",
                "max_instance_count": 1,
                "max_instance_request_concurrency": 1,
                "min_instance_count": 0,
                "secret_environment_variables": [],
                "secret_volumes": [],
                "service": "projects/sample-ms-soffredi/locations/us-east1/services/users-api-marcelo",
                "service_account_email": "234970772427-compute@developer.gserviceaccount.com",
                "timeout_seconds": 100,
                "uri": "https://users-api-marcelo-vtt5fcfnga-ue.a.run.app",
                "vpc_connector": "",
                "vpc_connector_egress_settings": ""
              }
            ],
            "state": "ACTIVE",
            "terraform_labels": {},
            "timeouts": null,
            "update_time": "2024-07-26T22:25:01.820169910Z",
            "url": "https://us-east1-sample-ms-soffredi.cloudfunctions.net/users-api-marcelo"
          },
          "sensitive_attributes": [
            [
              {
                "type": "get_attr",
                "value": "service_config"
              },
              {
                "type": "index",
                "value": {
                  "value": 0,
                  "type": "number"
                }
              },
              {
                "type": "get_attr",
                "value": "environment_variables"
              },
              {
                "type": "index",
                "value": {
                  "value": "DB_PASSWORD",
                  "type": "string"
                }
              }
            ]
          ],
          "private": "eyJlMmJmYjczMC1lY2FhLTExZTYtOGY4OC0zNDM2M2JjN2M0YzAiOnsiY3JlYXRlIjozNjAwMDAwMDAwMDAwLCJkZWxldGUiOjM2MDAwMDAwMDAwMDAsInVwZGF0ZSI6MzYwMDAwMDAwMDAwMH19",
          "dependencies": [
            "data.archive_file.source",
            "google_storage_bucket.deploy_bucket",
            "google_storage_bucket_object.zip",
            "mongodbatlas_project.atlas-project",
            "mongodbatlas_serverless_instance.db-instance",
            "random_password.db-user-password"
          ]
        }
      ]
    },
    {
      "mode": "managed",
      "type": "google_storage_bucket",
      "name": "deploy_bucket",
      "provider": "provider[\"registry.terraform.io/hashicorp/google\"]",
      "instances": [
        {
          "schema_version": 1,
          "attributes": {
            "autoclass": [],
            "cors": [],
            "custom_placement_config": [],
            "default_event_based_hold": false,
            "effective_labels": {},
            "enable_object_retention": false,
            "encryption": [],
            "force_destroy": false,
            "id": "sample-ms-soffredi-deployment",
            "labels": {},
            "lifecycle_rule": [],
            "location": "US-EAST1",
            "logging": [],
            "name": "sample-ms-soffredi-deployment",
            "project": "sample-ms-soffredi",
            "project_number": 234970772427,
            "public_access_prevention": "inherited",
            "requester_pays": false,
            "retention_policy": [],
            "rpo": null,
            "self_link": "https://www.googleapis.com/storage/v1/b/sample-ms-soffredi-deployment",
            "soft_delete_policy": [
              {
                "effective_time": "2024-07-21T16:32:00.196Z",
                "retention_duration_seconds": 604800
              }
            ],
            "storage_class": "STANDARD",
            "terraform_labels": {},
            "timeouts": null,
            "uniform_bucket_level_access": false,
            "url": "gs://sample-ms-soffredi-deployment",
            "versioning": [
              {
                "enabled": true
              }
            ],
            "website": []
          },
          "sensitive_attributes": [],
          "private": "eyJlMmJmYjczMC1lY2FhLTExZTYtOGY4OC0zNDM2M2JjN2M0YzAiOnsiY3JlYXRlIjo2MDAwMDAwMDAwMDAsInJlYWQiOjI0MDAwMDAwMDAwMCwidXBkYXRlIjoyNDAwMDAwMDAwMDB9fQ=="
        }
      ]
    },
    {
      "mode": "managed",
      "type": "google_storage_bucket_object",
      "name": "zip",
      "provider": "provider[\"registry.terraform.io/hashicorp/google\"]",
      "instances": [
        {
          "schema_version": 0,
          "attributes": {
            "bucket": "sample-ms-soffredi-deployment",
            "cache_control": "",
            "content": null,
            "content_disposition": "",
            "content_encoding": "",
            "content_language": "",
            "content_type": "application/zip",
            "crc32c": "mBbEnw==",
            "customer_encryption": [],
            "detect_md5hash": "j5cBhy2e7PzjGodOl7a5Mw==",
            "event_based_hold": false,
            "id": "sample-ms-soffredi-deployment-src-8f9701872d9eecfce31a874e97b6b933.zip",
            "kms_key_name": "",
            "md5hash": "j5cBhy2e7PzjGodOl7a5Mw==",
            "media_link": "https://storage.googleapis.com/download/storage/v1/b/sample-ms-soffredi-deployment/o/src-8f9701872d9eecfce31a874e97b6b933.zip?generation=1722032591823847\u0026alt=media",
            "metadata": null,
            "name": "src-8f9701872d9eecfce31a874e97b6b933.zip",
            "output_name": "src-8f9701872d9eecfce31a874e97b6b933.zip",
            "retention": [],
            "self_link": "https://www.googleapis.com/storage/v1/b/sample-ms-soffredi-deployment/o/src-8f9701872d9eecfce31a874e97b6b933.zip",
            "source": "./tmp/function.zip",
            "storage_class": "STANDARD",
            "temporary_hold": false,
            "timeouts": null
          },
          "sensitive_attributes": [
            [
              {
                "type": "get_attr",
                "value": "content"
              }
            ]
          ],
          "private": "eyJlMmJmYjczMC1lY2FhLTExZTYtOGY4OC0zNDM2M2JjN2M0YzAiOnsiY3JlYXRlIjoyNDAwMDAwMDAwMDAsImRlbGV0ZSI6MjQwMDAwMDAwMDAwLCJ1cGRhdGUiOjI0MDAwMDAwMDAwMH19",
          "dependencies": [
            "data.archive_file.source",
            "google_storage_bucket.deploy_bucket"
          ]
        }
      ]
    },
    {
      "mode": "managed",
      "type": "mongodbatlas_database_user",
      "name": "db-user",
      "provider": "provider[\"registry.terraform.io/mongodb/mongodbatlas\"]",
      "instances": [
        {
          "schema_version": 0,
          "attributes": {
            "auth_database_name": "admin",
            "aws_iam_type": "NONE",
            "id": "YXV0aF9kYXRhYmFzZV9uYW1l:YWRtaW4=-cHJvamVjdF9pZA==:NjZhMDY4NmNmODEwZjE2NDAyZjdiN2Ex-dXNlcm5hbWU=:Z2NwLW1zLXNvZmZyZWRpLXVzZXI=",
            "labels": [],
            "ldap_auth_type": "NONE",
            "oidc_auth_type": "NONE",
            "password": "QIwffWRu7hd6d6ja",
            "project_id": "66a0686cf810f16402f7b7a1",
            "roles": [
              {
                "collection_name": null,
                "database_name": "admin",
                "role_name": "readWriteAnyDatabase"
              }
            ],
            "scopes": [],
            "username": "gcp-ms-soffredi-user",
            "x509_type": "NONE"
          },
          "sensitive_attributes": [
            [
              {
                "type": "get_attr",
                "value": "password"
              }
            ]
          ],
          "dependencies": [
            "mongodbatlas_project.atlas-project",
            "random_password.db-user-password"
          ]
        }
      ]
    },
    {
      "mode": "managed",
      "type": "mongodbatlas_project",
      "name": "atlas-project",
      "provider": "provider[\"registry.terraform.io/mongodb/mongodbatlas\"]",
      "instances": [
        {
          "schema_version": 0,
          "attributes": {
            "cluster_count": 1,
            "created": "2024-07-24T02:35:27Z",
            "id": "66a0686cf810f16402f7b7a1",
            "ip_addresses": {
              "services": {
                "clusters": [
                  {
                    "cluster_name": "gcp-ms-soffredi",
                    "inbound": [],
                    "outbound": []
                  }
                ]
              }
            },
            "is_collect_database_specifics_statistics_enabled": true,
            "is_data_explorer_enabled": true,
            "is_extended_storage_sizes_enabled": false,
            "is_performance_advisor_enabled": true,
            "is_realtime_performance_panel_enabled": true,
            "is_schema_advisor_enabled": true,
            "limits": [],
            "name": "gcp-ms-soffredi",
            "org_id": "669dc0f1e373457de8fefe6f",
            "project_owner_id": null,
            "region_usage_restrictions": null,
            "tags": null,
            "teams": [],
            "with_default_alerts_settings": true
          },
          "sensitive_attributes": []
        }
      ]
    },
    {
      "mode": "managed",
      "type": "mongodbatlas_project_ip_access_list",
      "name": "ip",
      "provider": "provider[\"registry.terraform.io/mongodb/mongodbatlas\"]",
      "instances": [
        {
          "schema_version": 0,
          "attributes": {
            "aws_security_group": "",
            "cidr_block": "0.0.0.0/0",
            "comment": "Public access",
            "id": "ZW50cnk=:MC4wLjAuMC8w-cHJvamVjdF9pZA==:NjZhMDY4NmNmODEwZjE2NDAyZjdiN2Ex",
            "ip_address": "",
            "project_id": "66a0686cf810f16402f7b7a1",
            "timeouts": null
          },
          "sensitive_attributes": [],
          "dependencies": [
            "mongodbatlas_project.atlas-project"
          ]
        }
      ]
    },
    {
      "mode": "managed",
      "type": "mongodbatlas_serverless_instance",
      "name": "db-instance",
      "provider": "provider[\"registry.terraform.io/mongodb/mongodbatlas\"]",
      "instances": [
        {
          "schema_version": 0,
          "attributes": {
            "auto_indexing": true,
            "connection_strings_private_endpoint_srv": [],
            "connection_strings_standard_srv": "mongodb+srv://gcp-ms-soffredi.ujcwolf.mongodb.net",
            "continuous_backup_enabled": false,
            "create_date": "2024-07-24T03:15:04Z",
            "id": "bmFtZQ==:Z2NwLW1zLXNvZmZyZWRp-cHJvamVjdF9pZA==:NjZhMDY4NmNmODEwZjE2NDAyZjdiN2Ex",
            "links": [
              {
                "href": "https://cloud.mongodb.com/api/atlas/v2/groups/66a0686cf810f16402f7b7a1/serverless/gcp-ms-soffredi",
                "rel": "self"
              },
              {
                "href": "https://cloud.mongodb.com/api/atlas/v2/groups/66a0686cf810f16402f7b7a1/serverless/gcp-ms-soffredi/backup/restoreJobs",
                "rel": "https://cloud.mongodb.com/restoreJobs"
              },
              {
                "href": "https://cloud.mongodb.com/api/atlas/v2/groups/66a0686cf810f16402f7b7a1/serverless/gcp-ms-soffredi/backup/snapshots",
                "rel": "https://cloud.mongodb.com/snapshots"
              }
            ],
            "mongo_db_version": "7.3.3",
            "name": "gcp-ms-soffredi",
            "project_id": "66a0686cf810f16402f7b7a1",
            "provider_settings_backing_provider_name": "GCP",
            "provider_settings_provider_name": "SERVERLESS",
            "provider_settings_region_name": "CENTRAL_US",
            "state_name": "IDLE",
            "tags": [],
            "termination_protection_enabled": false
          },
          "sensitive_attributes": [],
          "private": "bnVsbA==",
          "dependencies": [
            "mongodbatlas_project.atlas-project"
          ]
        }
      ]
    },
    {
      "mode": "managed",
      "type": "random_password",
      "name": "db-user-password",
      "provider": "provider[\"registry.terraform.io/hashicorp/random\"]",
      "instances": [
        {
          "schema_version": 3,
          "attributes": {
            "bcrypt_hash": "$2a$10$cJig3aZdkTCM93sLZaOPGeT2phmb0gwozONUvtHSGCWpo7caZWHyu",
            "id": "none",
            "keepers": null,
            "length": 16,
            "lower": true,
            "min_lower": 0,
            "min_numeric": 0,
            "min_special": 0,
            "min_upper": 0,
            "number": true,
            "numeric": true,
            "override_special": "_%@",
            "result": "QIwffWRu7hd6d6ja",
            "special": true,
            "upper": true
          },
          "sensitive_attributes": [
            [
              {
                "type": "get_attr",
                "value": "result"
              }
            ],
            [
              {
                "type": "get_attr",
                "value": "bcrypt_hash"
              }
            ]
          ]
        }
      ]
    }
  ],
  "check_results": null
}
