{
  "version": 4,
  "terraform_version": "1.9.2",
  "serial": 60,
  "lineage": "996ccaaf-88a2-d04c-48ef-d5bceaf69d90",
  "outputs": {
    "function_uri": {
      "value": "https://users-api-marcelo-vtt5fcfnga-ue.a.run.app",
      "type": "string"
    }
  },
  "resources": [
    {
      "mode": "data",
      "type": "archive_file",
      "name": "source",
      "provider": "provider[\"registry.terraform.io/hashicorp/archive\"]",
      "instances": [
        {
          "schema_version": 0,
          "attributes": {
            "exclude_symlink_directories": null,
            "excludes": null,
            "id": "841cfa02714cbbb906d06a03a8200eafee3cca35",
            "output_base64sha256": "RzNoIRRTwT/93VZyx8IvYafwTf5805ZGj+PTSY9yWIU=",
            "output_base64sha512": "R0lwB3L3a7uTAD9nBEeb+LHSXQJgcQdIQLPfpJ5Fn48WBNDKxjP+EPKfTA5obJeBS/id1VjXXmt62e/YyqKSkg==",
            "output_file_mode": null,
            "output_md5": "0456c1013a6556a13d93864b390c5bda",
            "output_path": "./tmp/function.zip",
            "output_sha": "841cfa02714cbbb906d06a03a8200eafee3cca35",
            "output_sha256": "473368211453c13ffddd5672c7c22f61a7f04dfe7cd396468fe3d3498f725885",
            "output_sha512": "4749700772f76bbb93003f6704479bf8b1d25d026071074840b3dfa49e459f8f1604d0cac633fe10f29f4c0e686c97814bf89dd558d75e6b7ad9efd8caa29292",
            "output_size": 1702,
            "source": [],
            "source_content": null,
            "source_content_filename": null,
            "source_dir": "./../dist",
            "source_file": null,
            "type": "zip"
          },
          "sensitive_attributes": []
        }
      ]
    },
    {
      "mode": "managed",
      "type": "google_api_gateway_api",
      "name": "users_api_gw",
      "provider": "provider[\"registry.terraform.io/hashicorp/google-beta\"]",
      "instances": [
        {
          "schema_version": 0,
          "attributes": {
            "api_id": "users-api-marcelo",
            "create_time": "2024-07-21T19:00:14.344865908Z",
            "display_name": "Users API marcelo",
            "id": "projects/sample-ms-soffredi/locations/global/apis/users-api-marcelo",
            "labels": {},
            "managed_service": "users-api-marcelo-2shmcvsjtl5xt.apigateway.sample-ms-soffredi.cloud.goog",
            "name": "projects/sample-ms-soffredi/locations/global/apis/users-api-marcelo",
            "project": "sample-ms-soffredi",
            "timeouts": null
          },
          "sensitive_attributes": [],
          "private": "eyJlMmJmYjczMC1lY2FhLTExZTYtOGY4OC0zNDM2M2JjN2M0YzAiOnsiY3JlYXRlIjoxMjAwMDAwMDAwMDAwLCJkZWxldGUiOjEyMDAwMDAwMDAwMDAsInVwZGF0ZSI6MTIwMDAwMDAwMDAwMH19",
          "create_before_destroy": true
        }
      ]
    },
    {
      "mode": "managed",
      "type": "google_api_gateway_api_config",
      "name": "users_api_cfg",
      "provider": "provider[\"registry.terraform.io/hashicorp/google-beta\"]",
      "instances": [
        {
          "schema_version": 0,
          "attributes": {
            "api": "users-api-marcelo",
            "api_config_id": "terraform-20240721190155612200000001",
            "api_config_id_prefix": null,
            "display_name": "Users API config marcelo",
            "gateway_config": [],
            "grpc_services": [],
            "id": "projects/sample-ms-soffredi/locations/global/apis/users-api-marcelo/configs/terraform-20240721190155612200000001",
            "labels": {},
            "managed_service_configs": [],
            "name": "projects/234970772427/locations/global/apis/users-api-marcelo/configs/terraform-20240721190155612200000001",
            "openapi_documents": [
              {
                "document": [
                  {
                    "contents": "c3dhZ2dlcjogJzIuMCcKaW5mbzoKICAgIHRpdGxlOiBVc2VycyBBUEkKICAgIGRlc2NyaXB0aW9uOiBTZXJ2ZXJsZXNzIHVzZXJzIFJlc3QgQVBJCiAgICB2ZXJzaW9uOiAnMC4xJwpzY2hlbWVzOgogICAgLSBodHRwcwpwcm9kdWNlczoKICAgIC0gYXBwbGljYXRpb24vanNvbgpwYXRoczoKICAgIC9oZWFsdGhjaGVjazoKICAgICAgICBnZXQ6CiAgICAgICAgICAgIG9wZXJhdGlvbklkOiBoZWFsdGhjaGVjawogICAgICAgICAgICBzdW1tYXJ5OiBIZWFsdGhjaGVjayBlbmRwb2ludAogICAgICAgICAgICB4LWdvb2dsZS1iYWNrZW5kOgogICAgICAgICAgICAgICAgYWRkcmVzczogaHR0cHM6Ly91cy1lYXN0MS1zYW1wbGUtbXMtc29mZnJlZGkuY2xvdWRmdW5jdGlvbnMubmV0L3VzZXJzLWFwaS1tYXJjZWxvCiAgICAgICAgICAgIHJlc3BvbnNlczoKICAgICAgICAgICAgICAgICcyMDAnOgogICAgICAgICAgICAgICAgICAgIGRlc2NyaXB0aW9uOiBIZWFsdGhjaGVjayBzdWNjZXNzIHJlc3BvbnNlCiAgICAgICAgICAgICAgICAgICAgc2NoZW1hOgogICAgICAgICAgICAgICAgICAgICAgICB0eXBlOiBzdHJpbmcK",
                    "path": "./../openapi2.yaml"
                  }
                ]
              }
            ],
            "project": "sample-ms-soffredi",
            "service_config_id": "terraform-20240721190155612200000001-2dfbaks7xelvq",
            "timeouts": null
          },
          "sensitive_attributes": [],
          "private": "eyJlMmJmYjczMC1lY2FhLTExZTYtOGY4OC0zNDM2M2JjN2M0YzAiOnsiY3JlYXRlIjoxMjAwMDAwMDAwMDAwLCJkZWxldGUiOjEyMDAwMDAwMDAwMDAsInVwZGF0ZSI6MTIwMDAwMDAwMDAwMH19",
          "dependencies": [
            "google_api_gateway_api.users_api_gw"
          ],
          "create_before_destroy": true
        }
      ]
    },
    {
      "mode": "managed",
      "type": "google_api_gateway_gateway",
      "name": "users_api_gw_gw",
      "provider": "provider[\"registry.terraform.io/hashicorp/google-beta\"]",
      "instances": [
        {
          "schema_version": 0,
          "attributes": {
            "api_config": "projects/234970772427/locations/global/apis/users-api-marcelo/configs/terraform-20240721190155612200000001",
            "default_hostname": "users-api-gw-marcelo-2zxzj4cr.ue.gateway.dev",
            "display_name": "Users API gateway marcelo",
            "gateway_id": "users-api-gw-marcelo",
            "id": "projects/sample-ms-soffredi/locations/us-east1/gateways/users-api-gw-marcelo",
            "labels": {},
            "name": "projects/sample-ms-soffredi/locations/us-east1/gateways/users-api-gw-marcelo",
            "project": "sample-ms-soffredi",
            "region": null,
            "timeouts": null
          },
          "sensitive_attributes": [],
          "private": "eyJlMmJmYjczMC1lY2FhLTExZTYtOGY4OC0zNDM2M2JjN2M0YzAiOnsiY3JlYXRlIjoxMjAwMDAwMDAwMDAwLCJkZWxldGUiOjEyMDAwMDAwMDAwMDAsInVwZGF0ZSI6MTIwMDAwMDAwMDAwMH19",
          "dependencies": [
            "google_api_gateway_api.users_api_gw",
            "google_api_gateway_api_config.users_api_cfg"
          ]
        }
      ]
    },
    {
      "mode": "managed",
      "type": "google_cloudfunctions2_function",
      "name": "users_api_fn",
      "provider": "provider[\"registry.terraform.io/hashicorp/google\"]",
      "instances": [
        {
          "schema_version": 0,
          "attributes": {
            "build_config": [
              {
                "build": "projects/234970772427/locations/us-east1/builds/193dfae2-cec5-407c-9985-f61318037983",
                "docker_repository": "projects/sample-ms-soffredi/locations/us-east1/repositories/gcf-artifacts",
                "entry_point": "handler",
                "environment_variables": {},
                "runtime": "nodejs18",
                "source": [
                  {
                    "repo_source": [],
                    "storage_source": [
                      {
                        "bucket": "sample-ms-soffredi-deployment",
                        "generation": 1721603393834404,
                        "object": "src-0456c1013a6556a13d93864b390c5bda.zip"
                      }
                    ]
                  }
                ],
                "worker_pool": ""
              }
            ],
            "description": "Users serverless microservice API",
            "environment": "GEN_2",
            "event_trigger": [],
            "id": "projects/sample-ms-soffredi/locations/us-east1/functions/users-api-marcelo",
            "labels": {},
            "location": "us-east1",
            "name": "users-api-marcelo",
            "project": "sample-ms-soffredi",
            "service_config": [
              {
                "all_traffic_on_latest_revision": true,
                "available_cpu": "0.0833",
                "available_memory": "128Mi",
                "environment_variables": {
                  "LOG_EXECUTION_ID": "true"
                },
                "gcf_uri": "",
                "ingress_settings": "ALLOW_ALL",
                "max_instance_count": 1,
                "max_instance_request_concurrency": 1,
                "min_instance_count": 0,
                "secret_environment_variables": [],
                "secret_volumes": [],
                "service": "projects/sample-ms-soffredi/locations/us-east1/services/users-api-marcelo",
                "service_account_email": "234970772427-compute@developer.gserviceaccount.com",
                "timeout_seconds": 100,
                "uri": "https://users-api-marcelo-vtt5fcfnga-ue.a.run.app",
                "vpc_connector": "",
                "vpc_connector_egress_settings": ""
              }
            ],
            "state": "ACTIVE",
            "timeouts": null,
            "update_time": "2024-07-21T23:11:05.478655823Z"
          },
          "sensitive_attributes": [],
          "private": "eyJlMmJmYjczMC1lY2FhLTExZTYtOGY4OC0zNDM2M2JjN2M0YzAiOnsiY3JlYXRlIjozNjAwMDAwMDAwMDAwLCJkZWxldGUiOjM2MDAwMDAwMDAwMDAsInVwZGF0ZSI6MzYwMDAwMDAwMDAwMH19",
          "dependencies": [
            "data.archive_file.source",
            "google_storage_bucket.deploy_bucket",
            "google_storage_bucket_object.zip"
          ]
        }
      ]
    },
    {
      "mode": "managed",
      "type": "google_storage_bucket",
      "name": "deploy_bucket",
      "provider": "provider[\"registry.terraform.io/hashicorp/google\"]",
      "instances": [
        {
          "schema_version": 0,
          "attributes": {
            "autoclass": [],
            "cors": [],
            "custom_placement_config": [],
            "default_event_based_hold": false,
            "encryption": [],
            "force_destroy": false,
            "id": "sample-ms-soffredi-deployment",
            "labels": {},
            "lifecycle_rule": [],
            "location": "US-EAST1",
            "logging": [],
            "name": "sample-ms-soffredi-deployment",
            "project": "sample-ms-soffredi",
            "public_access_prevention": "inherited",
            "requester_pays": false,
            "retention_policy": [],
            "self_link": "https://www.googleapis.com/storage/v1/b/sample-ms-soffredi-deployment",
            "storage_class": "STANDARD",
            "timeouts": null,
            "uniform_bucket_level_access": false,
            "url": "gs://sample-ms-soffredi-deployment",
            "versioning": [
              {
                "enabled": true
              }
            ],
            "website": []
          },
          "sensitive_attributes": [],
          "private": "eyJlMmJmYjczMC1lY2FhLTExZTYtOGY4OC0zNDM2M2JjN2M0YzAiOnsiY3JlYXRlIjo2MDAwMDAwMDAwMDAsInJlYWQiOjI0MDAwMDAwMDAwMCwidXBkYXRlIjoyNDAwMDAwMDAwMDB9fQ=="
        }
      ]
    },
    {
      "mode": "managed",
      "type": "google_storage_bucket_object",
      "name": "zip",
      "provider": "provider[\"registry.terraform.io/hashicorp/google\"]",
      "instances": [
        {
          "schema_version": 0,
          "attributes": {
            "bucket": "sample-ms-soffredi-deployment",
            "cache_control": "",
            "content": null,
            "content_disposition": "",
            "content_encoding": "",
            "content_language": "",
            "content_type": "application/zip",
            "crc32c": "aTSFLQ==",
            "customer_encryption": [],
            "detect_md5hash": "BFbBATplVqE9k4ZLOQxb2g==",
            "event_based_hold": false,
            "id": "sample-ms-soffredi-deployment-src-0456c1013a6556a13d93864b390c5bda.zip",
            "kms_key_name": "",
            "md5hash": "BFbBATplVqE9k4ZLOQxb2g==",
            "media_link": "https://storage.googleapis.com/download/storage/v1/b/sample-ms-soffredi-deployment/o/src-0456c1013a6556a13d93864b390c5bda.zip?generation=1721603392616622\u0026alt=media",
            "metadata": null,
            "name": "src-0456c1013a6556a13d93864b390c5bda.zip",
            "output_name": "src-0456c1013a6556a13d93864b390c5bda.zip",
            "self_link": "https://www.googleapis.com/storage/v1/b/sample-ms-soffredi-deployment/o/src-0456c1013a6556a13d93864b390c5bda.zip",
            "source": "./tmp/function.zip",
            "storage_class": "STANDARD",
            "temporary_hold": false,
            "timeouts": null
          },
          "sensitive_attributes": [
            [
              {
                "type": "get_attr",
                "value": "content"
              }
            ]
          ],
          "private": "eyJlMmJmYjczMC1lY2FhLTExZTYtOGY4OC0zNDM2M2JjN2M0YzAiOnsiY3JlYXRlIjoyNDAwMDAwMDAwMDAsImRlbGV0ZSI6MjQwMDAwMDAwMDAwLCJ1cGRhdGUiOjI0MDAwMDAwMDAwMH19",
          "dependencies": [
            "data.archive_file.source",
            "google_storage_bucket.deploy_bucket"
          ]
        }
      ]
    }
  ],
  "check_results": null
}
